
Microsoft Visual Studio Solution File, Format Version 12.00
# Visual Studio Version 17
VisualStudioVersion = 17.3.32901.215
MinimumVisualStudioVersion = 10.0.40219.1
Project("{FAE04EC0-301F-11D3-BF4B-00C04F79EFBC}") = "LiskovSubstitutionPrinciple", "LiskovSubstitutionPrinciple.csproj", "{09F05626-6D7D-4A81-9878-00871A8FC6AF}"
EndProject
Global
	GlobalSection(SolutionConfigurationPlatforms) = preSolution
		Debug|Any CPU = Debug|Any CPU
		Release|Any CPU = Release|Any CPU
	EndGlobalSection
	GlobalSection(ProjectConfigurationPlatforms) = postSolution
		{09F05626-6D7D-4A81-9878-00871A8FC6AF}.Debug|Any CPU.ActiveCfg = Debug|Any CPU
		{09F05626-6D7D-4A81-9878-00871A8FC6AF}.Debug|Any CPU.Build.0 = Debug|Any CPU
		{09F05626-6D7D-4A81-9878-00871A8FC6AF}.Release|Any CPU.ActiveCfg = Release|Any CPU
		{09F05626-6D7D-4A81-9878-00871A8FC6AF}.Release|Any CPU.Build.0 = Release|Any CPU
	EndGlobalSection
	GlobalSection(SolutionProperties) = preSolution
		HideSolutionNode = FALSE
	EndGlobalSection
	GlobalSection(ExtensibilityGlobals) = postSolution
		SolutionGuid = {DE8FAAE1-666E-42BB-A862-E45BA2B71744}
	EndGlobalSection
EndGlobal
